
Microsoft Visual Studio Solution File, Format Version 12.00
# Visual Studio Version 16
VisualStudioVersion = 16.0.31005.135
MinimumVisualStudioVersion = 10.0.40219.1
Project("{FAE04EC0-301F-11D3-BF4B-00C04F79EFBC}") = "BDS", "BDS\BDS.csproj", "{C48DD6A0-E32A-40D0-B94D-E79A04A73722}"
EndProject
Global
	GlobalSection(SolutionConfigurationPlatforms) = preSolution
		Debug|Any CPU = Debug|Any CPU
		Release|Any CPU = Release|Any CPU
	EndGlobalSection
	GlobalSection(ProjectConfigurationPlatforms) = postSolution
		{C48DD6A0-E32A-40D0-B94D-E79A04A73722}.Debug|Any CPU.ActiveCfg = Debug|Any CPU
		{C48DD6A0-E32A-40D0-B94D-E79A04A73722}.Debug|Any CPU.Build.0 = Debug|Any CPU
		{C48DD6A0-E32A-40D0-B94D-E79A04A73722}.Release|Any CPU.ActiveCfg = Release|Any CPU
		{C48DD6A0-E32A-40D0-B94D-E79A04A73722}.Release|Any CPU.Build.0 = Release|Any CPU
	EndGlobalSection
	GlobalSection(SolutionProperties) = preSolution
		HideSolutionNode = FALSE
	EndGlobalSection
	GlobalSection(ExtensibilityGlobals) = postSolution
		SolutionGuid = {3CBB4B9C-2084-4CE4-A03D-4BA5B2146F9B}
	EndGlobalSection
EndGlobal
